
Microsoft Visual Studio Solution File, Format Version 12.00
# Visual Studio Version 17
VisualStudioVersion = 17.10.35004.147
MinimumVisualStudioVersion = 10.0.40219.1
Project("{FAE04EC0-301F-11D3-BF4B-00C04F79EFBC}") = "Blackjack", "Blackjack.csproj", "{E2C12168-9955-4EDB-910A-DFC08619BDDC}"
EndProject
Global
	GlobalSection(SolutionConfigurationPlatforms) = preSolution
		Debug|Any CPU = Debug|Any CPU
		Release|Any CPU = Release|Any CPU
	EndGlobalSection
	GlobalSection(ProjectConfigurationPlatforms) = postSolution
		{E2C12168-9955-4EDB-910A-DFC08619BDDC}.Debug|Any CPU.ActiveCfg = Debug|Any CPU
		{E2C12168-9955-4EDB-910A-DFC08619BDDC}.Debug|Any CPU.Build.0 = Debug|Any CPU
		{E2C12168-9955-4EDB-910A-DFC08619BDDC}.Release|Any CPU.ActiveCfg = Release|Any CPU
		{E2C12168-9955-4EDB-910A-DFC08619BDDC}.Release|Any CPU.Build.0 = Release|Any CPU
	EndGlobalSection
	GlobalSection(SolutionProperties) = preSolution
		HideSolutionNode = FALSE
	EndGlobalSection
	GlobalSection(ExtensibilityGlobals) = postSolution
		SolutionGuid = {8D87DA3A-EAA4-4744-82AC-6511308BE1FB}
	EndGlobalSection
EndGlobal
